
Microsoft Visual Studio Solution File, Format Version 12.00
# Visual Studio 14
VisualStudioVersion = 14.0.25420.1
MinimumVisualStudioVersion = 10.0.40219.1
Project("{FAE04EC0-301F-11D3-BF4B-00C04F79EFBC}") = "WeatherStation.UI", "WeatherStation.UI\WeatherStation.UI.csproj", "{B72057C3-6FC5-43BD-813C-B214DE661125}"
EndProject
Project("{FAE04EC0-301F-11D3-BF4B-00C04F79EFBC}") = "WeatherStation", "WeatherStation\WeatherStation.csproj", "{56CA684B-3026-48ED-816C-32E72D7175ED}"
EndProject
Project("{FAE04EC0-301F-11D3-BF4B-00C04F79EFBC}") = "WeatherStation.Contracts", "WeatherStation.Contracts\WeatherStation.Contracts.csproj", "{2D5A4F7D-7F23-465D-8A6E-AC1A3EE0CE77}"
EndProject
Global
	GlobalSection(SolutionConfigurationPlatforms) = preSolution
		Debug|Any CPU = Debug|Any CPU
		Release|Any CPU = Release|Any CPU
	EndGlobalSection
	GlobalSection(ProjectConfigurationPlatforms) = postSolution
		{B72057C3-6FC5-43BD-813C-B214DE661125}.Debug|Any CPU.ActiveCfg = Debug|Any CPU
		{B72057C3-6FC5-43BD-813C-B214DE661125}.Debug|Any CPU.Build.0 = Debug|Any CPU
		{B72057C3-6FC5-43BD-813C-B214DE661125}.Release|Any CPU.ActiveCfg = Release|Any CPU
		{B72057C3-6FC5-43BD-813C-B214DE661125}.Release|Any CPU.Build.0 = Release|Any CPU
		{56CA684B-3026-48ED-816C-32E72D7175ED}.Debug|Any CPU.ActiveCfg = Debug|Any CPU
		{56CA684B-3026-48ED-816C-32E72D7175ED}.Debug|Any CPU.Build.0 = Debug|Any CPU
		{56CA684B-3026-48ED-816C-32E72D7175ED}.Release|Any CPU.ActiveCfg = Release|Any CPU
		{56CA684B-3026-48ED-816C-32E72D7175ED}.Release|Any CPU.Build.0 = Release|Any CPU
		{2D5A4F7D-7F23-465D-8A6E-AC1A3EE0CE77}.Debug|Any CPU.ActiveCfg = Debug|Any CPU
		{2D5A4F7D-7F23-465D-8A6E-AC1A3EE0CE77}.Debug|Any CPU.Build.0 = Debug|Any CPU
		{2D5A4F7D-7F23-465D-8A6E-AC1A3EE0CE77}.Release|Any CPU.ActiveCfg = Release|Any CPU
		{2D5A4F7D-7F23-465D-8A6E-AC1A3EE0CE77}.Release|Any CPU.Build.0 = Release|Any CPU
	EndGlobalSection
	GlobalSection(SolutionProperties) = preSolution
		HideSolutionNode = FALSE
	EndGlobalSection
EndGlobal
